
Microsoft Visual Studio Solution File, Format Version 12.00
# Visual Studio Version 17
VisualStudioVersion = 17.5.002.0
MinimumVisualStudioVersion = 10.0.40219.1
Project("{9A19103F-16F7-4668-BE54-9A1E7A4F7556}") = "Task1", "Task1\Task1.csproj", "{9E5AC96C-EF58-40BA-96CF-482432D36460}"
EndProject
Project("{9A19103F-16F7-4668-BE54-9A1E7A4F7556}") = "Task2", "Task2\Task2.csproj", "{4FD430DC-6F51-4A38-8A1A-2F88115B07D0}"
EndProject
Project("{9A19103F-16F7-4668-BE54-9A1E7A4F7556}") = "Task3", "Task3\Task3.csproj", "{CF51A1EA-5220-4310-8095-7C443BEB50DB}"
EndProject
Global
	GlobalSection(SolutionConfigurationPlatforms) = preSolution
		Debug|Any CPU = Debug|Any CPU
		Release|Any CPU = Release|Any CPU
	EndGlobalSection
	GlobalSection(ProjectConfigurationPlatforms) = postSolution
		{9E5AC96C-EF58-40BA-96CF-482432D36460}.Debug|Any CPU.ActiveCfg = Debug|Any CPU
		{9E5AC96C-EF58-40BA-96CF-482432D36460}.Debug|Any CPU.Build.0 = Debug|Any CPU
		{9E5AC96C-EF58-40BA-96CF-482432D36460}.Release|Any CPU.ActiveCfg = Release|Any CPU
		{9E5AC96C-EF58-40BA-96CF-482432D36460}.Release|Any CPU.Build.0 = Release|Any CPU
		{4FD430DC-6F51-4A38-8A1A-2F88115B07D0}.Debug|Any CPU.ActiveCfg = Debug|Any CPU
		{4FD430DC-6F51-4A38-8A1A-2F88115B07D0}.Debug|Any CPU.Build.0 = Debug|Any CPU
		{4FD430DC-6F51-4A38-8A1A-2F88115B07D0}.Release|Any CPU.ActiveCfg = Release|Any CPU
		{4FD430DC-6F51-4A38-8A1A-2F88115B07D0}.Release|Any CPU.Build.0 = Release|Any CPU
		{CF51A1EA-5220-4310-8095-7C443BEB50DB}.Debug|Any CPU.ActiveCfg = Debug|Any CPU
		{CF51A1EA-5220-4310-8095-7C443BEB50DB}.Debug|Any CPU.Build.0 = Debug|Any CPU
		{CF51A1EA-5220-4310-8095-7C443BEB50DB}.Release|Any CPU.ActiveCfg = Release|Any CPU
		{CF51A1EA-5220-4310-8095-7C443BEB50DB}.Release|Any CPU.Build.0 = Release|Any CPU
	EndGlobalSection
	GlobalSection(SolutionProperties) = preSolution
		HideSolutionNode = FALSE
	EndGlobalSection
	GlobalSection(ExtensibilityGlobals) = postSolution
		SolutionGuid = {4CC6A749-A732-4B5D-B708-B736925E29C6}
	EndGlobalSection
EndGlobal
